
Microsoft Visual Studio Solution File, Format Version 12.00
# Visual Studio 14
VisualStudioVersion = 14.0.25420.1
MinimumVisualStudioVersion = 10.0.40219.1
Project("{FAE04EC0-301F-11D3-BF4B-00C04F79EFBC}") = "SanicballCore", "Core\SanicballCore.csproj", "{ED8D5D1E-E70F-4005-A3BA-F03794FF7A40}"
EndProject
Project("{FAE04EC0-301F-11D3-BF4B-00C04F79EFBC}") = "SanicballServer", "Server\SanicballServer.csproj", "{59A6555C-1D7D-4D8B-94FB-1E1B093CE4CA}"
EndProject
Global
	GlobalSection(SolutionConfigurationPlatforms) = preSolution
		Debug|Any CPU = Debug|Any CPU
		Release|Any CPU = Release|Any CPU
	EndGlobalSection
	GlobalSection(ProjectConfigurationPlatforms) = postSolution
		{ED8D5D1E-E70F-4005-A3BA-F03794FF7A40}.Debug|Any CPU.ActiveCfg = Debug|Any CPU
		{ED8D5D1E-E70F-4005-A3BA-F03794FF7A40}.Debug|Any CPU.Build.0 = Debug|Any CPU
		{ED8D5D1E-E70F-4005-A3BA-F03794FF7A40}.Release|Any CPU.ActiveCfg = Release|Any CPU
		{ED8D5D1E-E70F-4005-A3BA-F03794FF7A40}.Release|Any CPU.Build.0 = Release|Any CPU
		{59A6555C-1D7D-4D8B-94FB-1E1B093CE4CA}.Debug|Any CPU.ActiveCfg = Debug|Any CPU
		{59A6555C-1D7D-4D8B-94FB-1E1B093CE4CA}.Debug|Any CPU.Build.0 = Debug|Any CPU
		{59A6555C-1D7D-4D8B-94FB-1E1B093CE4CA}.Release|Any CPU.ActiveCfg = Release|Any CPU
		{59A6555C-1D7D-4D8B-94FB-1E1B093CE4CA}.Release|Any CPU.Build.0 = Release|Any CPU
	EndGlobalSection
	GlobalSection(SolutionProperties) = preSolution
		HideSolutionNode = FALSE
	EndGlobalSection
EndGlobal
