
Microsoft Visual Studio Solution File, Format Version 12.00
# Visual Studio 14
VisualStudioVersion = 14.0.25123.0
MinimumVisualStudioVersion = 10.0.40219.1
Project("{FAE04EC0-301F-11D3-BF4B-00C04F79EFBC}") = "SanicballServer", "SanicballServer\SanicballServer.csproj", "{59A6555C-1D7D-4D8B-94FB-1E1B093CE4CA}"
EndProject
Project("{FAE04EC0-301F-11D3-BF4B-00C04F79EFBC}") = "SanicballServerLib", "SanicballServerLib\SanicballServerLib.csproj", "{58448095-ADE9-4576-8ACB-C789CC471AA9}"
EndProject
Global
	GlobalSection(SolutionConfigurationPlatforms) = preSolution
		Debug|Any CPU = Debug|Any CPU
		Release|Any CPU = Release|Any CPU
	EndGlobalSection
	GlobalSection(ProjectConfigurationPlatforms) = postSolution
		{59A6555C-1D7D-4D8B-94FB-1E1B093CE4CA}.Debug|Any CPU.ActiveCfg = Debug|Any CPU
		{59A6555C-1D7D-4D8B-94FB-1E1B093CE4CA}.Debug|Any CPU.Build.0 = Debug|Any CPU
		{59A6555C-1D7D-4D8B-94FB-1E1B093CE4CA}.Release|Any CPU.ActiveCfg = Release|Any CPU
		{59A6555C-1D7D-4D8B-94FB-1E1B093CE4CA}.Release|Any CPU.Build.0 = Release|Any CPU
		{58448095-ADE9-4576-8ACB-C789CC471AA9}.Debug|Any CPU.ActiveCfg = Debug|Any CPU
		{58448095-ADE9-4576-8ACB-C789CC471AA9}.Debug|Any CPU.Build.0 = Debug|Any CPU
		{58448095-ADE9-4576-8ACB-C789CC471AA9}.Release|Any CPU.ActiveCfg = Release|Any CPU
		{58448095-ADE9-4576-8ACB-C789CC471AA9}.Release|Any CPU.Build.0 = Release|Any CPU
	EndGlobalSection
	GlobalSection(SolutionProperties) = preSolution
		HideSolutionNode = FALSE
	EndGlobalSection
EndGlobal
